// !$*UTF8*$!
{
	archiveVersion = 1;
	classes = {
	};
	objectVersion = 50;
	objects = {

/* Begin PBXBuildFile section */
		1F2DD57925BD782C00AD4B34 /* AppDelegate.swift in Sources */ = {isa = PBXBuildFile; fileRef = 1F2DD57825BD782C00AD4B34 /* AppDelegate.swift */; };
		1F2DD57B25BD782C00AD4B34 /* SceneDelegate.swift in Sources */ = {isa = PBXBuildFile; fileRef = 1F2DD57A25BD782C00AD4B34 /* SceneDelegate.swift */; };
		1F2DD57D25BD782C00AD4B34 /* ViewController.swift in Sources */ = {isa = PBXBuildFile; fileRef = 1F2DD57C25BD782C00AD4B34 /* ViewController.swift */; };
		1F2DD58025BD782C00AD4B34 /* Main.storyboard in Resources */ = {isa = PBXBuildFile; fileRef = 1F2DD57E25BD782C00AD4B34 /* Main.storyboard */; };
		1F2DD58225BD782F00AD4B34 /* Assets.xcassets in Resources */ = {isa = PBXBuildFile; fileRef = 1F2DD58125BD782F00AD4B34 /* Assets.xcassets */; };
		1F2DD58525BD782F00AD4B34 /* LaunchScreen.storyboard in Resources */ = {isa = PBXBuildFile; fileRef = 1F2DD58325BD782F00AD4B34 /* LaunchScreen.storyboard */; };
/* End PBXBuildFile section */

/* Begin PBXFileReference section */
		1F2DD57525BD782C00AD4B34 /* ComposableTodo.app */ = {isa = PBXFileReference; explicitFileType = wrapper.application; includeInIndex = 0; path = ComposableTodo.app; sourceTree = BUILT_PRODUCTS_DIR; };
		1F2DD57825BD782C00AD4B34 /* AppDelegate.swift */ = {isa = PBXFileReference; lastKnownFileType = sourcecode.swift; path = AppDelegate.swift; sourceTree = "<group>"; };
		1F2DD57A25BD782C00AD4B34 /* SceneDelegate.swift */ = {isa = PBXFileReference; lastKnownFileType = sourcecode.swift; path = SceneDelegate.swift; sourceTree = "<group>"; };
		1F2DD57C25BD782C00AD4B34 /* ViewController.swift */ = {isa = PBXFileReference; lastKnownFileType = sourcecode.swift; path = ViewController.swift; sourceTree = "<group>"; };
		1F2DD57F25BD782C00AD4B34 /* Base */ = {isa = PBXFileReference; lastKnownFileType = file.storyboard; name = Base; path = Base.lproj/Main.storyboard; sourceTree = "<group>"; };
		1F2DD58125BD782F00AD4B34 /* Assets.xcassets */ = {isa = PBXFileReference; lastKnownFileType = folder.assetcatalog; path = Assets.xcassets; sourceTree = "<group>"; };
		1F2DD58425BD782F00AD4B34 /* Base */ = {isa = PBXFileReference; lastKnownFileType = file.storyboard; name = Base; path = Base.lproj/LaunchScreen.storyboard; sourceTree = "<group>"; };
		1F2DD58625BD782F00AD4B34 /* Info.plist */ = {isa = PBXFileReference; lastKnownFileType = text.plist.xml; path = Info.plist; sourceTree = "<group>"; };
/* End PBXFileReference section */

/* Begin PBXFrameworksBuildPhase section */
		1F2DD57225BD782C00AD4B34 /* Frameworks */ = {
			isa = PBXFrameworksBuildPhase;
			buildActionMask = 2147483647;
			files = (
			);
			runOnlyForDeploymentPostprocessing = 0;
		};
/* End PBXFrameworksBuildPhase section */

/* Begin PBXGroup section */
		1F2DD56C25BD782C00AD4B34 = {
			isa = PBXGroup;
			children = (
				1F2DD57725BD782C00AD4B34 /* ComposableTodo */,
				1F2DD57625BD782C00AD4B34 /* Products */,
			);
			sourceTree = "<group>";
		};
		1F2DD57625BD782C00AD4B34 /* Products */ = {
			isa = PBXGroup;
			children = (
				1F2DD57525BD782C00AD4B34 /* ComposableTodo.app */,
			);
			name = Products;
			sourceTree = "<group>";
		};
		1F2DD57725BD782C00AD4B34 /* ComposableTodo */ = {
			isa = PBXGroup;
			children = (
				1F2DD57825BD782C00AD4B34 /* AppDelegate.swift */,
				1F2DD57A25BD782C00AD4B34 /* SceneDelegate.swift */,
				1F2DD57C25BD782C00AD4B34 /* ViewController.swift */,
				1F2DD57E25BD782C00AD4B34 /* Main.storyboard */,
				1F2DD58125BD782F00AD4B34 /* Assets.xcassets */,
				1F2DD58325BD782F00AD4B34 /* LaunchScreen.storyboard */,
				1F2DD58625BD782F00AD4B34 /* Info.plist */,
			);
			path = ComposableTodo;
			sourceTree = "<group>";
		};
/* End PBXGroup section */

/* Begin PBXNativeTarget section */
		1F2DD57425BD782C00AD4B34 /* ComposableTodo */ = {
			isa = PBXNativeTarget;
			buildConfigurationList = 1F2DD58925BD782F00AD4B34 /* Build configuration list for PBXNativeTarget "ComposableTodo" */;
			buildPhases = (
				1F2DD57125BD782C00AD4B34 /* Sources */,
				1F2DD57225BD782C00AD4B34 /* Frameworks */,
				1F2DD57325BD782C00AD4B34 /* Resources */,
			);
			buildRules = (
			);
			dependencies = (
			);
			name = ComposableTodo;
			productName = ComposableTodo;
			productReference = 1F2DD57525BD782C00AD4B34 /* ComposableTodo.app */;
			productType = "com.apple.product-type.application";
		};
/* End PBXNativeTarget section */

/* Begin PBXProject section */
		1F2DD56D25BD782C00AD4B34 /* Project object */ = {
			isa = PBXProject;
			attributes = {
				LastSwiftUpdateCheck = 1220;
				LastUpgradeCheck = 1220;
				TargetAttributes = {
					1F2DD57425BD782C00AD4B34 = {
						CreatedOnToolsVersion = 12.2;
					};
				};
			};
			buildConfigurationList = 1F2DD57025BD782C00AD4B34 /* Build configuration list for PBXProject "ComposableTodo" */;
			compatibilityVersion = "Xcode 9.3";
			developmentRegion = en;
			hasScannedForEncodings = 0;
			knownRegions = (
				en,
				Base,
			);
			mainGroup = 1F2DD56C25BD782C00AD4B34;
			productRefGroup = 1F2DD57625BD782C00AD4B34 /* Products */;
			projectDirPath = "";
			projectRoot = "";
			targets = (
				1F2DD57425BD782C00AD4B34 /* ComposableTodo */,
			);
		};
/* End PBXProject section */

/* Begin PBXResourcesBuildPhase section */
		1F2DD57325BD782C00AD4B34 /* Resources */ = {
			isa = PBXResourcesBuildPhase;
			buildActionMask = 2147483647;
			files = (
				1F2DD58525BD782F00AD4B34 /* LaunchScreen.storyboard in Resources */,
				1F2DD58225BD782F00AD4B34 /* Assets.xcassets in Resources */,
				1F2DD58025BD782C00AD4B34 /* Main.storyboard in Resources */,
			);
			runOnlyForDeploymentPostprocessing = 0;
		};
/* End PBXResourcesBuildPhase section */

/* Begin PBXSourcesBuildPhase section */
		1F2DD57125BD782C00AD4B34 /* Sources */ = {
			isa = PBXSourcesBuildPhase;
			buildActionMask = 2147483647;
			files = (
				1F2DD57D25BD782C00AD4B34 /* ViewController.swift in Sources */,
				1F2DD57925BD782C00AD4B34 /* AppDelegate.swift in Sources */,
				1F2DD57B25BD782C00AD4B34 /* SceneDelegate.swift in Sources */,
			);
			runOnlyForDeploymentPostprocessing = 0;
		};
/* End PBXSourcesBuildPhase section */

/* Begin PBXVariantGroup section */
		1F2DD57E25BD782C00AD4B34 /* Main.storyboard */ = {
			isa = PBXVariantGroup;
			children = (
				1F2DD57F25BD782C00AD4B34 /* Base */,
			);
			name = Main.storyboard;
			sourceTree = "<group>";
		};
		1F2DD58325BD782F00AD4B34 /* LaunchScreen.storyboard */ = {
			isa = PBXVariantGroup;
			children = (
				1F2DD58425BD782F00AD4B34 /* Base */,
			);
			name = LaunchScreen.storyboard;
			sourceTree = "<group>";
		};
/* End PBXVariantGroup section */

/* Begin XCBuildConfiguration section */
		1F2DD58725BD782F00AD4B34 /* Debug */ = {
			isa = XCBuildConfiguration;
			buildSettings = {
				ALWAYS_SEARCH_USER_PATHS = NO;
				CLANG_ANALYZER_NONNULL = YES;
				CLANG_ANALYZER_NUMBER_OBJECT_CONVERSION = YES_AGGRESSIVE;
				CLANG_CXX_LANGUAGE_STANDARD = "gnu++14";
				CLANG_CXX_LIBRARY = "libc++";
				CLANG_ENABLE_MODULES = YES;
				CLANG_ENABLE_OBJC_ARC = YES;
				CLANG_ENABLE_OBJC_WEAK = YES;
				CLANG_WARN_BLOCK_CAPTURE_AUTORELEASING = YES;
				CLANG_WARN_BOOL_CONVERSION = YES;
				CLANG_WARN_COMMA = YES;
				CLANG_WARN_CONSTANT_CONVERSION = YES;
				CLANG_WARN_DEPRECATED_OBJC_IMPLEMENTATIONS = YES;
				CLANG_WARN_DIRECT_OBJC_ISA_USAGE = YES_ERROR;
				CLANG_WARN_DOCUMENTATION_COMMENTS = YES;
				CLANG_WARN_EMPTY_BODY = YES;
				CLANG_WARN_ENUM_CONVERSION = YES;
				CLANG_WARN_INFINITE_RECURSION = YES;
				CLANG_WARN_INT_CONVERSION = YES;
				CLANG_WARN_NON_LITERAL_NULL_CONVERSION = YES;
				CLANG_WARN_OBJC_IMPLICIT_RETAIN_SELF = YES;
				CLANG_WARN_OBJC_LITERAL_CONVERSION = YES;
				CLANG_WARN_OBJC_ROOT_CLASS = YES_ERROR;
				CLANG_WARN_QUOTED_INCLUDE_IN_FRAMEWORK_HEADER = YES;
				CLANG_WARN_RANGE_LOOP_ANALYSIS = YES;
				CLANG_WARN_STRICT_PROTOTYPES = YES;
				CLANG_WARN_SUSPICIOUS_MOVE = YES;
				CLANG_WARN_UNGUARDED_AVAILABILITY = YES_AGGRESSIVE;
				CLANG_WARN_UNREACHABLE_CODE = YES;
				CLANG_WARN__DUPLICATE_METHOD_MATCH = YES;
				COPY_PHASE_STRIP = NO;
				DEBUG_INFORMATION_FORMAT = dwarf;
				ENABLE_STRICT_OBJC_MSGSEND = YES;
				ENABLE_TESTABILITY = YES;
				GCC_C_LANGUAGE_STANDARD = gnu11;
				GCC_DYNAMIC_NO_PIC = NO;
				GCC_NO_COMMON_BLOCKS = YES;
				GCC_OPTIMIZATION_LEVEL = 0;
				GCC_PREPROCESSOR_DEFINITIONS = (
					"DEBUG=1",
					"$(inherited)",
				);
				GCC_WARN_64_TO_32_BIT_CONVERSION = YES;
				GCC_WARN_ABOUT_RETURN_TYPE = YES_ERROR;
				GCC_WARN_UNDECLARED_SELECTOR = YES;
				GCC_WARN_UNINITIALIZED_AUTOS = YES_AGGRESSIVE;
				GCC_WARN_UNUSED_FUNCTION = YES;
				GCC_WARN_UNUSED_VARIABLE = YES;
				IPHONEOS_DEPLOYMENT_TARGET = 14.2;
				MTL_ENABLE_DEBUG_INFO = INCLUDE_SOURCE;
				MTL_FAST_MATH = YES;
				ONLY_ACTIVE_ARCH = YES;
				SDKROOT = iphoneos;
				SWIFT_ACTIVE_COMPILATION_CONDITIONS = DEBUG;
				SWIFT_OPTIMIZATION_LEVEL = "-Onone";
			};
			name = Debug;
		};
		1F2DD58825BD782F00AD4B34 /* Release */ = {
			isa = XCBuildConfiguration;
			buildSettings = {
				ALWAYS_SEARCH_USER_PATHS = NO;
				CLANG_ANALYZER_NONNULL = YES;
				CLANG_ANALYZER_NUMBER_OBJECT_CONVERSION = YES_AGGRESSIVE;
				CLANG_CXX_LANGUAGE_STANDARD = "gnu++14";
				CLANG_CXX_LIBRARY = "libc++";
				CLANG_ENABLE_MODULES = YES;
				CLANG_ENABLE_OBJC_ARC = YES;
				CLANG_ENABLE_OBJC_WEAK = YES;
				CLANG_WARN_BLOCK_CAPTURE_AUTORELEASING = YES;
				CLANG_WARN_BOOL_CONVERSION = YES;
				CLANG_WARN_COMMA = YES;
				CLANG_WARN_CONSTANT_CONVERSION = YES;
				CLANG_WARN_DEPRECATED_OBJC_IMPLEMENTATIONS = YES;
				CLANG_WARN_DIRECT_OBJC_ISA_USAGE = YES_ERROR;
				CLANG_WARN_DOCUMENTATION_COMMENTS = YES;
				CLANG_WARN_EMPTY_BODY = YES;
				CLANG_WARN_ENUM_CONVERSION = YES;
				CLANG_WARN_INFINITE_RECURSION = YES;
				CLANG_WARN_INT_CONVERSION = YES;
				CLANG_WARN_NON_LITERAL_NULL_CONVERSION = YES;
				CLANG_WARN_OBJC_IMPLICIT_RETAIN_SELF = YES;
				CLANG_WARN_OBJC_LITERAL_CONVERSION = YES;
				CLANG_WARN_OBJC_ROOT_CLASS = YES_ERROR;
				CLANG_WARN_QUOTED_INCLUDE_IN_FRAMEWORK_HEADER = YES;
				CLANG_WARN_RANGE_LOOP_ANALYSIS = YES;
				CLANG_WARN_STRICT_PROTOTYPES = YES;
				CLANG_WARN_SUSPICIOUS_MOVE = YES;
				CLANG_WARN_UNGUARDED_AVAILABILITY = YES_AGGRESSIVE;
				CLANG_WARN_UNREACHABLE_CODE = YES;
				CLANG_WARN__DUPLICATE_METHOD_MATCH = YES;
				COPY_PHASE_STRIP = NO;
				DEBUG_INFORMATION_FORMAT = "dwarf-with-dsym";
				ENABLE_NS_ASSERTIONS = NO;
				ENABLE_STRICT_OBJC_MSGSEND = YES;
				GCC_C_LANGUAGE_STANDARD = gnu11;
				GCC_NO_COMMON_BLOCKS = YES;
				GCC_WARN_64_TO_32_BIT_CONVERSION = YES;
				GCC_WARN_ABOUT_RETURN_TYPE = YES_ERROR;
				GCC_WARN_UNDECLARED_SELECTOR = YES;
				GCC_WARN_UNINITIALIZED_AUTOS = YES_AGGRESSIVE;
				GCC_WARN_UNUSED_FUNCTION = YES;
				GCC_WARN_UNUSED_VARIABLE = YES;
				IPHONEOS_DEPLOYMENT_TARGET = 14.2;
				MTL_ENABLE_DEBUG_INFO = NO;
				MTL_FAST_MATH = YES;
				SDKROOT = iphoneos;
				SWIFT_COMPILATION_MODE = wholemodule;
				SWIFT_OPTIMIZATION_LEVEL = "-O";
				VALIDATE_PRODUCT = YES;
			};
			name = Release;
		};
		1F2DD58A25BD782F00AD4B34 /* Debug */ = {
			isa = XCBuildConfiguration;
			buildSettings = {
				ASSETCATALOG_COMPILER_APPICON_NAME = AppIcon;
				ASSETCATALOG_COMPILER_GLOBAL_ACCENT_COLOR_NAME = AccentColor;
				CODE_SIGN_STYLE = Automatic;
				DEVELOPMENT_TEAM = 79JAW5V2W8;
				INFOPLIST_FILE = ComposableTodo/Info.plist;
				LD_RUNPATH_SEARCH_PATHS = (
					"$(inherited)",
					"@executable_path/Frameworks",
				);
				PRODUCT_BUNDLE_IDENTIFIER = Sunny.K.ComposableTodo;
				PRODUCT_NAME = "$(TARGET_NAME)";
				SWIFT_VERSION = 5.0;
				TARGETED_DEVICE_FAMILY = "1,2";
			};
			name = Debug;
		};
		1F2DD58B25BD782F00AD4B34 /* Release */ = {
			isa = XCBuildConfiguration;
			buildSettings = {
				ASSETCATALOG_COMPILER_APPICON_NAME = AppIcon;
				ASSETCATALOG_COMPILER_GLOBAL_ACCENT_COLOR_NAME = AccentColor;
				CODE_SIGN_STYLE = Automatic;
				DEVELOPMENT_TEAM = 79JAW5V2W8;
				INFOPLIST_FILE = ComposableTodo/Info.plist;
				LD_RUNPATH_SEARCH_PATHS = (
					"$(inherited)",
					"@executable_path/Frameworks",
				);
				PRODUCT_BUNDLE_IDENTIFIER = Sunny.K.ComposableTodo;
				PRODUCT_NAME = "$(TARGET_NAME)";
				SWIFT_VERSION = 5.0;
				TARGETED_DEVICE_FAMILY = "1,2";
			};
			name = Release;
		};
/* End XCBuildConfiguration section */

/* Begin XCConfigurationList section */
		1F2DD57025BD782C00AD4B34 /* Build configuration list for PBXProject "ComposableTodo" */ = {
			isa = XCConfigurationList;
			buildConfigurations = (
				1F2DD58725BD782F00AD4B34 /* Debug */,
				1F2DD58825BD782F00AD4B34 /* Release */,
			);
			defaultConfigurationIsVisible = 0;
			defaultConfigurationName = Release;
		};
		1F2DD58925BD782F00AD4B34 /* Build configuration list for PBXNativeTarget "ComposableTodo" */ = {
			isa = XCConfigurationList;
			buildConfigurations = (
				1F2DD58A25BD782F00AD4B34 /* Debug */,
				1F2DD58B25BD782F00AD4B34 /* Release */,
			);
			defaultConfigurationIsVisible = 0;
			defaultConfigurationName = Release;
		};
/* End XCConfigurationList section */
	};
	rootObject = 1F2DD56D25BD782C00AD4B34 /* Project object */;
}
